{
  "name": "matrixy",
  "version": "1.0.0",
  "dependencies": {
    "chai": {
      "version": "2.2.0",
      "from": "chai@2.2.0",
      "resolved": "https://registry.npmjs.org/chai/-/chai-2.2.0.tgz",
      "dependencies": {
        "assertion-error": {
          "version": "1.0.0",
          "from": "assertion-error@1.0.0",
          "resolved": "https://registry.npmjs.org/assertion-error/-/assertion-error-1.0.0.tgz"
        },
        "deep-eql": {
          "version": "0.1.3",
          "from": "deep-eql@0.1.3",
          "resolved": "https://registry.npmjs.org/deep-eql/-/deep-eql-0.1.3.tgz",
          "dependencies": {
            "type-detect": {
              "version": "0.1.1",
              "from": "type-detect@0.1.1",
              "resolved": "https://registry.npmjs.org/type-detect/-/type-detect-0.1.1.tgz"
            }
          }
        }
      }
    }
  }
}
